
Microsoft Visual Studio Solution File, Format Version 12.00
# Visual Studio Version 16
VisualStudioVersion = 16.0.28922.388
MinimumVisualStudioVersion = 10.0.40219.1
Project("{FAE04EC0-301F-11D3-BF4B-00C04F79EFBC}") = "FIMTestWpfConfigurator", "FIMTestWpfConfigurator\FIMTestWpfConfigurator.csproj", "{4B0ACC16-6BEF-41B3-8A79-477F4EFB1ECC}"
EndProject
Project("{FAE04EC0-301F-11D3-BF4B-00C04F79EFBC}") = "FIMTestConfigLib", "FIMTestConfgLib\FIMTestConfigLib.csproj", "{9ABB9D8C-C5D2-4B66-9D49-BA62A63FAFD5}"
EndProject
Project("{FAE04EC0-301F-11D3-BF4B-00C04F79EFBC}") = "FIMTestConfigurator", "FIMTestConfigurator\FIMTestConfigurator.csproj", "{11C4CBC9-E6BC-4A49-A1F2-90B391658C4B}"
EndProject
Global
	GlobalSection(SolutionConfigurationPlatforms) = preSolution
		Debug|Any CPU = Debug|Any CPU
		Release|Any CPU = Release|Any CPU
	EndGlobalSection
	GlobalSection(ProjectConfigurationPlatforms) = postSolution
		{4B0ACC16-6BEF-41B3-8A79-477F4EFB1ECC}.Debug|Any CPU.ActiveCfg = Debug|Any CPU
		{4B0ACC16-6BEF-41B3-8A79-477F4EFB1ECC}.Debug|Any CPU.Build.0 = Debug|Any CPU
		{4B0ACC16-6BEF-41B3-8A79-477F4EFB1ECC}.Release|Any CPU.ActiveCfg = Release|Any CPU
		{4B0ACC16-6BEF-41B3-8A79-477F4EFB1ECC}.Release|Any CPU.Build.0 = Release|Any CPU
		{9ABB9D8C-C5D2-4B66-9D49-BA62A63FAFD5}.Debug|Any CPU.ActiveCfg = Debug|Any CPU
		{9ABB9D8C-C5D2-4B66-9D49-BA62A63FAFD5}.Debug|Any CPU.Build.0 = Debug|Any CPU
		{9ABB9D8C-C5D2-4B66-9D49-BA62A63FAFD5}.Release|Any CPU.ActiveCfg = Release|Any CPU
		{9ABB9D8C-C5D2-4B66-9D49-BA62A63FAFD5}.Release|Any CPU.Build.0 = Release|Any CPU
		{11C4CBC9-E6BC-4A49-A1F2-90B391658C4B}.Debug|Any CPU.ActiveCfg = Debug|Any CPU
		{11C4CBC9-E6BC-4A49-A1F2-90B391658C4B}.Debug|Any CPU.Build.0 = Debug|Any CPU
		{11C4CBC9-E6BC-4A49-A1F2-90B391658C4B}.Release|Any CPU.ActiveCfg = Release|Any CPU
		{11C4CBC9-E6BC-4A49-A1F2-90B391658C4B}.Release|Any CPU.Build.0 = Release|Any CPU
	EndGlobalSection
	GlobalSection(SolutionProperties) = preSolution
		HideSolutionNode = FALSE
	EndGlobalSection
	GlobalSection(ExtensibilityGlobals) = postSolution
		SolutionGuid = {D49DF9DB-5A22-4340-AB61-6C29F900DF21}
	EndGlobalSection
EndGlobal
